
Microsoft Visual Studio Solution File, Format Version 12.00
# Visual Studio Version 17
VisualStudioVersion = 17.11.35327.3
MinimumVisualStudioVersion = 10.0.40219.1
Project("{FAE04EC0-301F-11D3-BF4B-00C04F79EFBC}") = "CSharpDataStruct", "CSharpDataStruct\CSharpDataStruct.csproj", "{76EE87AC-5575-4A92-BA42-EBCB4756A329}"
EndProject
Project("{FAE04EC0-301F-11D3-BF4B-00C04F79EFBC}") = "App", "App\App.csproj", "{6DDDC78A-4031-44B7-A9E8-24293836D568}"
EndProject
Global
	GlobalSection(SolutionConfigurationPlatforms) = preSolution
		Debug|Any CPU = Debug|Any CPU
		Release|Any CPU = Release|Any CPU
	EndGlobalSection
	GlobalSection(ProjectConfigurationPlatforms) = postSolution
		{76EE87AC-5575-4A92-BA42-EBCB4756A329}.Debug|Any CPU.ActiveCfg = Debug|Any CPU
		{76EE87AC-5575-4A92-BA42-EBCB4756A329}.Debug|Any CPU.Build.0 = Debug|Any CPU
		{76EE87AC-5575-4A92-BA42-EBCB4756A329}.Release|Any CPU.ActiveCfg = Release|Any CPU
		{76EE87AC-5575-4A92-BA42-EBCB4756A329}.Release|Any CPU.Build.0 = Release|Any CPU
		{6DDDC78A-4031-44B7-A9E8-24293836D568}.Debug|Any CPU.ActiveCfg = Debug|Any CPU
		{6DDDC78A-4031-44B7-A9E8-24293836D568}.Debug|Any CPU.Build.0 = Debug|Any CPU
		{6DDDC78A-4031-44B7-A9E8-24293836D568}.Release|Any CPU.ActiveCfg = Release|Any CPU
		{6DDDC78A-4031-44B7-A9E8-24293836D568}.Release|Any CPU.Build.0 = Release|Any CPU
	EndGlobalSection
	GlobalSection(SolutionProperties) = preSolution
		HideSolutionNode = FALSE
	EndGlobalSection
	GlobalSection(ExtensibilityGlobals) = postSolution
		SolutionGuid = {5CDC1558-1705-4397-9BC0-0260D1A46581}
	EndGlobalSection
EndGlobal
